// !$*UTF8*$!
{
	archiveVersion = 1;
	classes = {
	};
	objectVersion = 46;
	objects = {

/* Begin PBXBuildFile section */
		4B00FF0F1BFAEC6800FC647F /* DESSecurity.m in Sources */ = {isa = PBXBuildFile; fileRef = 4B00FF0E1BFAEC6800FC647F /* DESSecurity.m */; };
		4B00FF151BFB441E00FC647F /* WBSec.m in Sources */ = {isa = PBXBuildFile; fileRef = 4B00FF141BFB441E00FC647F /* WBSec.m */; };
		4B4D4AE21BF9CB8B00E54496 /* main.m in Sources */ = {isa = PBXBuildFile; fileRef = 4B4D4AE11BF9CB8B00E54496 /* main.m */; };
		4B4D4AE51BF9CB8B00E54496 /* AppDelegate.m in Sources */ = {isa = PBXBuildFile; fileRef = 4B4D4AE41BF9CB8B00E54496 /* AppDelegate.m */; };
		4B4D4AE81BF9CB8B00E54496 /* ViewController.m in Sources */ = {isa = PBXBuildFile; fileRef = 4B4D4AE71BF9CB8B00E54496 /* ViewController.m */; };
		4B4D4AEB1BF9CB8B00E54496 /* Main.storyboard in Resources */ = {isa = PBXBuildFile; fileRef = 4B4D4AE91BF9CB8B00E54496 /* Main.storyboard */; };
		4B4D4AED1BF9CB8B00E54496 /* Assets.xcassets in Resources */ = {isa = PBXBuildFile; fileRef = 4B4D4AEC1BF9CB8B00E54496 /* Assets.xcassets */; };
		4B4D4AF01BF9CB8B00E54496 /* LaunchScreen.storyboard in Resources */ = {isa = PBXBuildFile; fileRef = 4B4D4AEE1BF9CB8B00E54496 /* LaunchScreen.storyboard */; };
		4B4D4AFB1BF9CB8B00E54496 /* DESDemoTests.m in Sources */ = {isa = PBXBuildFile; fileRef = 4B4D4AFA1BF9CB8B00E54496 /* DESDemoTests.m */; };
		4B4D4B061BF9CB8B00E54496 /* DESDemoUITests.m in Sources */ = {isa = PBXBuildFile; fileRef = 4B4D4B051BF9CB8B00E54496 /* DESDemoUITests.m */; };
		4B4D4B151BF9CBAA00E54496 /* WB_Base64Code.m in Sources */ = {isa = PBXBuildFile; fileRef = 4B4D4B141BF9CBAA00E54496 /* WB_Base64Code.m */; };
		4B4D4B181BF9CF2B00E54496 /* WB_Base64.m in Sources */ = {isa = PBXBuildFile; fileRef = 4B4D4B171BF9CF2B00E54496 /* WB_Base64.m */; };
/* End PBXBuildFile section */

/* Begin PBXContainerItemProxy section */
		4B4D4AF71BF9CB8B00E54496 /* PBXContainerItemProxy */ = {
			isa = PBXContainerItemProxy;
			containerPortal = 4B4D4AD51BF9CB8B00E54496 /* Project object */;
			proxyType = 1;
			remoteGlobalIDString = 4B4D4ADC1BF9CB8B00E54496;
			remoteInfo = DESDemo;
		};
		4B4D4B021BF9CB8B00E54496 /* PBXContainerItemProxy */ = {
			isa = PBXContainerItemProxy;
			containerPortal = 4B4D4AD51BF9CB8B00E54496 /* Project object */;
			proxyType = 1;
			remoteGlobalIDString = 4B4D4ADC1BF9CB8B00E54496;
			remoteInfo = DESDemo;
		};
/* End PBXContainerItemProxy section */

/* Begin PBXFileReference section */
		4B00FF0D1BFAEC6800FC647F /* DESSecurity.h */ = {isa = PBXFileReference; fileEncoding = 4; lastKnownFileType = sourcecode.c.h; path = DESSecurity.h; sourceTree = "<group>"; };
		4B00FF0E1BFAEC6800FC647F /* DESSecurity.m */ = {isa = PBXFileReference; fileEncoding = 4; lastKnownFileType = sourcecode.c.objc; path = DESSecurity.m; sourceTree = "<group>"; };
		4B00FF131BFB441E00FC647F /* WBSec.h */ = {isa = PBXFileReference; fileEncoding = 4; lastKnownFileType = sourcecode.c.h; path = WBSec.h; sourceTree = "<group>"; };
		4B00FF141BFB441E00FC647F /* WBSec.m */ = {isa = PBXFileReference; fileEncoding = 4; lastKnownFileType = sourcecode.c.objc; path = WBSec.m; sourceTree = "<group>"; };
		4B4D4ADD1BF9CB8B00E54496 /* DESDemo.app */ = {isa = PBXFileReference; explicitFileType = wrapper.application; includeInIndex = 0; path = DESDemo.app; sourceTree = BUILT_PRODUCTS_DIR; };
		4B4D4AE11BF9CB8B00E54496 /* main.m */ = {isa = PBXFileReference; lastKnownFileType = sourcecode.c.objc; path = main.m; sourceTree = "<group>"; };
		4B4D4AE31BF9CB8B00E54496 /* AppDelegate.h */ = {isa = PBXFileReference; lastKnownFileType = sourcecode.c.h; path = AppDelegate.h; sourceTree = "<group>"; };
		4B4D4AE41BF9CB8B00E54496 /* AppDelegate.m */ = {isa = PBXFileReference; lastKnownFileType = sourcecode.c.objc; path = AppDelegate.m; sourceTree = "<group>"; };
		4B4D4AE61BF9CB8B00E54496 /* ViewController.h */ = {isa = PBXFileReference; lastKnownFileType = sourcecode.c.h; path = ViewController.h; sourceTree = "<group>"; };
		4B4D4AE71BF9CB8B00E54496 /* ViewController.m */ = {isa = PBXFileReference; lastKnownFileType = sourcecode.c.objc; path = ViewController.m; sourceTree = "<group>"; };
		4B4D4AEA1BF9CB8B00E54496 /* Base */ = {isa = PBXFileReference; lastKnownFileType = file.storyboard; name = Base; path = Base.lproj/Main.storyboard; sourceTree = "<group>"; };
		4B4D4AEC1BF9CB8B00E54496 /* Assets.xcassets */ = {isa = PBXFileReference; lastKnownFileType = folder.assetcatalog; path = Assets.xcassets; sourceTree = "<group>"; };
		4B4D4AEF1BF9CB8B00E54496 /* Base */ = {isa = PBXFileReference; lastKnownFileType = file.storyboard; name = Base; path = Base.lproj/LaunchScreen.storyboard; sourceTree = "<group>"; };
		4B4D4AF11BF9CB8B00E54496 /* Info.plist */ = {isa = PBXFileReference; lastKnownFileType = text.plist.xml; path = Info.plist; sourceTree = "<group>"; };
		4B4D4AF61BF9CB8B00E54496 /* DESDemoTests.xctest */ = {isa = PBXFileReference; explicitFileType = wrapper.cfbundle; includeInIndex = 0; path = DESDemoTests.xctest; sourceTree = BUILT_PRODUCTS_DIR; };
		4B4D4AFA1BF9CB8B00E54496 /* DESDemoTests.m */ = {isa = PBXFileReference; lastKnownFileType = sourcecode.c.objc; path = DESDemoTests.m; sourceTree = "<group>"; };
		4B4D4AFC1BF9CB8B00E54496 /* Info.plist */ = {isa = PBXFileReference; lastKnownFileType = text.plist.xml; path = Info.plist; sourceTree = "<group>"; };
		4B4D4B011BF9CB8B00E54496 /* DESDemoUITests.xctest */ = {isa = PBXFileReference; explicitFileType = wrapper.cfbundle; includeInIndex = 0; path = DESDemoUITests.xctest; sourceTree = BUILT_PRODUCTS_DIR; };
		4B4D4B051BF9CB8B00E54496 /* DESDemoUITests.m */ = {isa = PBXFileReference; lastKnownFileType = sourcecode.c.objc; path = DESDemoUITests.m; sourceTree = "<group>"; };
		4B4D4B071BF9CB8B00E54496 /* Info.plist */ = {isa = PBXFileReference; lastKnownFileType = text.plist.xml; path = Info.plist; sourceTree = "<group>"; };
		4B4D4B131BF9CBAA00E54496 /* WB_Base64Code.h */ = {isa = PBXFileReference; fileEncoding = 4; lastKnownFileType = sourcecode.c.h; path = WB_Base64Code.h; sourceTree = "<group>"; };
		4B4D4B141BF9CBAA00E54496 /* WB_Base64Code.m */ = {isa = PBXFileReference; fileEncoding = 4; lastKnownFileType = sourcecode.c.objc; path = WB_Base64Code.m; sourceTree = "<group>"; };
		4B4D4B161BF9CF2B00E54496 /* WB_Base64.h */ = {isa = PBXFileReference; fileEncoding = 4; lastKnownFileType = sourcecode.c.h; path = WB_Base64.h; sourceTree = "<group>"; };
		4B4D4B171BF9CF2B00E54496 /* WB_Base64.m */ = {isa = PBXFileReference; fileEncoding = 4; lastKnownFileType = sourcecode.c.objc; path = WB_Base64.m; sourceTree = "<group>"; };
/* End PBXFileReference section */

/* Begin PBXFrameworksBuildPhase section */
		4B4D4ADA1BF9CB8B00E54496 /* Frameworks */ = {
			isa = PBXFrameworksBuildPhase;
			buildActionMask = 2147483647;
			files = (
			);
			runOnlyForDeploymentPostprocessing = 0;
		};
		4B4D4AF31BF9CB8B00E54496 /* Frameworks */ = {
			isa = PBXFrameworksBuildPhase;
			buildActionMask = 2147483647;
			files = (
			);
			runOnlyForDeploymentPostprocessing = 0;
		};
		4B4D4AFE1BF9CB8B00E54496 /* Frameworks */ = {
			isa = PBXFrameworksBuildPhase;
			buildActionMask = 2147483647;
			files = (
			);
			runOnlyForDeploymentPostprocessing = 0;
		};
/* End PBXFrameworksBuildPhase section */

/* Begin PBXGroup section */
		4B4D4AD41BF9CB8B00E54496 = {
			isa = PBXGroup;
			children = (
				4B4D4ADF1BF9CB8B00E54496 /* DESDemo */,
				4B4D4AF91BF9CB8B00E54496 /* DESDemoTests */,
				4B4D4B041BF9CB8B00E54496 /* DESDemoUITests */,
				4B4D4ADE1BF9CB8B00E54496 /* Products */,
			);
			sourceTree = "<group>";
		};
		4B4D4ADE1BF9CB8B00E54496 /* Products */ = {
			isa = PBXGroup;
			children = (
				4B4D4ADD1BF9CB8B00E54496 /* DESDemo.app */,
				4B4D4AF61BF9CB8B00E54496 /* DESDemoTests.xctest */,
				4B4D4B011BF9CB8B00E54496 /* DESDemoUITests.xctest */,
			);
			name = Products;
			sourceTree = "<group>";
		};
		4B4D4ADF1BF9CB8B00E54496 /* DESDemo */ = {
			isa = PBXGroup;
			children = (
				4B4D4B131BF9CBAA00E54496 /* WB_Base64Code.h */,
				4B4D4B141BF9CBAA00E54496 /* WB_Base64Code.m */,
				4B4D4AE31BF9CB8B00E54496 /* AppDelegate.h */,
				4B4D4AE41BF9CB8B00E54496 /* AppDelegate.m */,
				4B4D4AE61BF9CB8B00E54496 /* ViewController.h */,
				4B4D4AE71BF9CB8B00E54496 /* ViewController.m */,
				4B4D4B161BF9CF2B00E54496 /* WB_Base64.h */,
				4B4D4B171BF9CF2B00E54496 /* WB_Base64.m */,
				4B00FF0D1BFAEC6800FC647F /* DESSecurity.h */,
				4B00FF0E1BFAEC6800FC647F /* DESSecurity.m */,
				4B00FF131BFB441E00FC647F /* WBSec.h */,
				4B00FF141BFB441E00FC647F /* WBSec.m */,
				4B4D4AE91BF9CB8B00E54496 /* Main.storyboard */,
				4B4D4AEC1BF9CB8B00E54496 /* Assets.xcassets */,
				4B4D4AEE1BF9CB8B00E54496 /* LaunchScreen.storyboard */,
				4B4D4AF11BF9CB8B00E54496 /* Info.plist */,
				4B4D4AE01BF9CB8B00E54496 /* Supporting Files */,
			);
			path = DESDemo;
			sourceTree = "<group>";
		};
		4B4D4AE01BF9CB8B00E54496 /* Supporting Files */ = {
			isa = PBXGroup;
			children = (
				4B4D4AE11BF9CB8B00E54496 /* main.m */,
			);
			name = "Supporting Files";
			sourceTree = "<group>";
		};
		4B4D4AF91BF9CB8B00E54496 /* DESDemoTests */ = {
			isa = PBXGroup;
			children = (
				4B4D4AFA1BF9CB8B00E54496 /* DESDemoTests.m */,
				4B4D4AFC1BF9CB8B00E54496 /* Info.plist */,
			);
			path = DESDemoTests;
			sourceTree = "<group>";
		};
		4B4D4B041BF9CB8B00E54496 /* DESDemoUITests */ = {
			isa = PBXGroup;
			children = (
				4B4D4B051BF9CB8B00E54496 /* DESDemoUITests.m */,
				4B4D4B071BF9CB8B00E54496 /* Info.plist */,
			);
			path = DESDemoUITests;
			sourceTree = "<group>";
		};
/* End PBXGroup section */

/* Begin PBXNativeTarget section */
		4B4D4ADC1BF9CB8B00E54496 /* DESDemo */ = {
			isa = PBXNativeTarget;
			buildConfigurationList = 4B4D4B0A1BF9CB8B00E54496 /* Build configuration list for PBXNativeTarget "DESDemo" */;
			buildPhases = (
				4B4D4AD91BF9CB8B00E54496 /* Sources */,
				4B4D4ADA1BF9CB8B00E54496 /* Frameworks */,
				4B4D4ADB1BF9CB8B00E54496 /* Resources */,
			);
			buildRules = (
			);
			dependencies = (
			);
			name = DESDemo;
			productName = DESDemo;
			productReference = 4B4D4ADD1BF9CB8B00E54496 /* DESDemo.app */;
			productType = "com.apple.product-type.application";
		};
		4B4D4AF51BF9CB8B00E54496 /* DESDemoTests */ = {
			isa = PBXNativeTarget;
			buildConfigurationList = 4B4D4B0D1BF9CB8B00E54496 /* Build configuration list for PBXNativeTarget "DESDemoTests" */;
			buildPhases = (
				4B4D4AF21BF9CB8B00E54496 /* Sources */,
				4B4D4AF31BF9CB8B00E54496 /* Frameworks */,
				4B4D4AF41BF9CB8B00E54496 /* Resources */,
			);
			buildRules = (
			);
			dependencies = (
				4B4D4AF81BF9CB8B00E54496 /* PBXTargetDependency */,
			);
			name = DESDemoTests;
			productName = DESDemoTests;
			productReference = 4B4D4AF61BF9CB8B00E54496 /* DESDemoTests.xctest */;
			productType = "com.apple.product-type.bundle.unit-test";
		};
		4B4D4B001BF9CB8B00E54496 /* DESDemoUITests */ = {
			isa = PBXNativeTarget;
			buildConfigurationList = 4B4D4B101BF9CB8B00E54496 /* Build configuration list for PBXNativeTarget "DESDemoUITests" */;
			buildPhases = (
				4B4D4AFD1BF9CB8B00E54496 /* Sources */,
				4B4D4AFE1BF9CB8B00E54496 /* Frameworks */,
				4B4D4AFF1BF9CB8B00E54496 /* Resources */,
			);
			buildRules = (
			);
			dependencies = (
				4B4D4B031BF9CB8B00E54496 /* PBXTargetDependency */,
			);
			name = DESDemoUITests;
			productName = DESDemoUITests;
			productReference = 4B4D4B011BF9CB8B00E54496 /* DESDemoUITests.xctest */;
			productType = "com.apple.product-type.bundle.ui-testing";
		};
/* End PBXNativeTarget section */

/* Begin PBXProject section */
		4B4D4AD51BF9CB8B00E54496 /* Project object */ = {
			isa = PBXProject;
			attributes = {
				LastUpgradeCheck = 0710;
				ORGANIZATIONNAME = MeiLiZu;
				TargetAttributes = {
					4B4D4ADC1BF9CB8B00E54496 = {
						CreatedOnToolsVersion = 7.1.1;
					};
					4B4D4AF51BF9CB8B00E54496 = {
						CreatedOnToolsVersion = 7.1.1;
						TestTargetID = 4B4D4ADC1BF9CB8B00E54496;
					};
					4B4D4B001BF9CB8B00E54496 = {
						CreatedOnToolsVersion = 7.1.1;
						TestTargetID = 4B4D4ADC1BF9CB8B00E54496;
					};
				};
			};
			buildConfigurationList = 4B4D4AD81BF9CB8B00E54496 /* Build configuration list for PBXProject "DESDemo" */;
			compatibilityVersion = "Xcode 3.2";
			developmentRegion = English;
			hasScannedForEncodings = 0;
			knownRegions = (
				en,
				Base,
			);
			mainGroup = 4B4D4AD41BF9CB8B00E54496;
			productRefGroup = 4B4D4ADE1BF9CB8B00E54496 /* Products */;
			projectDirPath = "";
			projectRoot = "";
			targets = (
				4B4D4ADC1BF9CB8B00E54496 /* DESDemo */,
				4B4D4AF51BF9CB8B00E54496 /* DESDemoTests */,
				4B4D4B001BF9CB8B00E54496 /* DESDemoUITests */,
			);
		};
/* End PBXProject section */

/* Begin PBXResourcesBuildPhase section */
		4B4D4ADB1BF9CB8B00E54496 /* Resources */ = {
			isa = PBXResourcesBuildPhase;
			buildActionMask = 2147483647;
			files = (
				4B4D4AF01BF9CB8B00E54496 /* LaunchScreen.storyboard in Resources */,
				4B4D4AED1BF9CB8B00E54496 /* Assets.xcassets in Resources */,
				4B4D4AEB1BF9CB8B00E54496 /* Main.storyboard in Resources */,
			);
			runOnlyForDeploymentPostprocessing = 0;
		};
		4B4D4AF41BF9CB8B00E54496 /* Resources */ = {
			isa = PBXResourcesBuildPhase;
			buildActionMask = 2147483647;
			files = (
			);
			runOnlyForDeploymentPostprocessing = 0;
		};
		4B4D4AFF1BF9CB8B00E54496 /* Resources */ = {
			isa = PBXResourcesBuildPhase;
			buildActionMask = 2147483647;
			files = (
			);
			runOnlyForDeploymentPostprocessing = 0;
		};
/* End PBXResourcesBuildPhase section */

/* Begin PBXSourcesBuildPhase section */
		4B4D4AD91BF9CB8B00E54496 /* Sources */ = {
			isa = PBXSourcesBuildPhase;
			buildActionMask = 2147483647;
			files = (
				4B00FF151BFB441E00FC647F /* WBSec.m in Sources */,
				4B00FF0F1BFAEC6800FC647F /* DESSecurity.m in Sources */,
				4B4D4AE81BF9CB8B00E54496 /* ViewController.m in Sources */,
				4B4D4AE51BF9CB8B00E54496 /* AppDelegate.m in Sources */,
				4B4D4B151BF9CBAA00E54496 /* WB_Base64Code.m in Sources */,
				4B4D4AE21BF9CB8B00E54496 /* main.m in Sources */,
				4B4D4B181BF9CF2B00E54496 /* WB_Base64.m in Sources */,
			);
			runOnlyForDeploymentPostprocessing = 0;
		};
		4B4D4AF21BF9CB8B00E54496 /* Sources */ = {
			isa = PBXSourcesBuildPhase;
			buildActionMask = 2147483647;
			files = (
				4B4D4AFB1BF9CB8B00E54496 /* DESDemoTests.m in Sources */,
			);
			runOnlyForDeploymentPostprocessing = 0;
		};
		4B4D4AFD1BF9CB8B00E54496 /* Sources */ = {
			isa = PBXSourcesBuildPhase;
			buildActionMask = 2147483647;
			files = (
				4B4D4B061BF9CB8B00E54496 /* DESDemoUITests.m in Sources */,
			);
			runOnlyForDeploymentPostprocessing = 0;
		};
/* End PBXSourcesBuildPhase section */

/* Begin PBXTargetDependency section */
		4B4D4AF81BF9CB8B00E54496 /* PBXTargetDependency */ = {
			isa = PBXTargetDependency;
			target = 4B4D4ADC1BF9CB8B00E54496 /* DESDemo */;
			targetProxy = 4B4D4AF71BF9CB8B00E54496 /* PBXContainerItemProxy */;
		};
		4B4D4B031BF9CB8B00E54496 /* PBXTargetDependency */ = {
			isa = PBXTargetDependency;
			target = 4B4D4ADC1BF9CB8B00E54496 /* DESDemo */;
			targetProxy = 4B4D4B021BF9CB8B00E54496 /* PBXContainerItemProxy */;
		};
/* End PBXTargetDependency section */

/* Begin PBXVariantGroup section */
		4B4D4AE91BF9CB8B00E54496 /* Main.storyboard */ = {
			isa = PBXVariantGroup;
			children = (
				4B4D4AEA1BF9CB8B00E54496 /* Base */,
			);
			name = Main.storyboard;
			sourceTree = "<group>";
		};
		4B4D4AEE1BF9CB8B00E54496 /* LaunchScreen.storyboard */ = {
			isa = PBXVariantGroup;
			children = (
				4B4D4AEF1BF9CB8B00E54496 /* Base */,
			);
			name = LaunchScreen.storyboard;
			sourceTree = "<group>";
		};
/* End PBXVariantGroup section */

/* Begin XCBuildConfiguration section */
		4B4D4B081BF9CB8B00E54496 /* Debug */ = {
			isa = XCBuildConfiguration;
			buildSettings = {
				ALWAYS_SEARCH_USER_PATHS = NO;
				CLANG_CXX_LANGUAGE_STANDARD = "gnu++0x";
				CLANG_CXX_LIBRARY = "libc++";
				CLANG_ENABLE_MODULES = YES;
				CLANG_ENABLE_OBJC_ARC = YES;
				CLANG_WARN_BOOL_CONVERSION = YES;
				CLANG_WARN_CONSTANT_CONVERSION = YES;
				CLANG_WARN_DIRECT_OBJC_ISA_USAGE = YES_ERROR;
				CLANG_WARN_EMPTY_BODY = YES;
				CLANG_WARN_ENUM_CONVERSION = YES;
				CLANG_WARN_INT_CONVERSION = YES;
				CLANG_WARN_OBJC_ROOT_CLASS = YES_ERROR;
				CLANG_WARN_UNREACHABLE_CODE = YES;
				CLANG_WARN__DUPLICATE_METHOD_MATCH = YES;
				"CODE_SIGN_IDENTITY[sdk=iphoneos*]" = "iPhone Developer";
				COPY_PHASE_STRIP = NO;
				DEBUG_INFORMATION_FORMAT = dwarf;
				ENABLE_STRICT_OBJC_MSGSEND = YES;
				ENABLE_TESTABILITY = YES;
				GCC_C_LANGUAGE_STANDARD = gnu99;
				GCC_DYNAMIC_NO_PIC = NO;
				GCC_NO_COMMON_BLOCKS = YES;
				GCC_OPTIMIZATION_LEVEL = 0;
				GCC_PREPROCESSOR_DEFINITIONS = (
					"DEBUG=1",
					"$(inherited)",
				);
				GCC_WARN_64_TO_32_BIT_CONVERSION = YES;
				GCC_WARN_ABOUT_RETURN_TYPE = YES_ERROR;
				GCC_WARN_UNDECLARED_SELECTOR = YES;
				GCC_WARN_UNINITIALIZED_AUTOS = YES_AGGRESSIVE;
				GCC_WARN_UNUSED_FUNCTION = YES;
				GCC_WARN_UNUSED_VARIABLE = YES;
				IPHONEOS_DEPLOYMENT_TARGET = 9.1;
				MTL_ENABLE_DEBUG_INFO = YES;
				ONLY_ACTIVE_ARCH = YES;
				SDKROOT = iphoneos;
				TARGETED_DEVICE_FAMILY = "1,2";
			};
			name = Debug;
		};
		4B4D4B091BF9CB8B00E54496 /* Release */ = {
			isa = XCBuildConfiguration;
			buildSettings = {
				ALWAYS_SEARCH_USER_PATHS = NO;
				CLANG_CXX_LANGUAGE_STANDARD = "gnu++0x";
				CLANG_CXX_LIBRARY = "libc++";
				CLANG_ENABLE_MODULES = YES;
				CLANG_ENABLE_OBJC_ARC = YES;
				CLANG_WARN_BOOL_CONVERSION = YES;
				CLANG_WARN_CONSTANT_CONVERSION = YES;
				CLANG_WARN_DIRECT_OBJC_ISA_USAGE = YES_ERROR;
				CLANG_WARN_EMPTY_BODY = YES;
				CLANG_WARN_ENUM_CONVERSION = YES;
				CLANG_WARN_INT_CONVERSION = YES;
				CLANG_WARN_OBJC_ROOT_CLASS = YES_ERROR;
				CLANG_WARN_UNREACHABLE_CODE = YES;
				CLANG_WARN__DUPLICATE_METHOD_MATCH = YES;
				"CODE_SIGN_IDENTITY[sdk=iphoneos*]" = "iPhone Developer";
				COPY_PHASE_STRIP = NO;
				DEBUG_INFORMATION_FORMAT = "dwarf-with-dsym";
				ENABLE_NS_ASSERTIONS = NO;
				ENABLE_STRICT_OBJC_MSGSEND = YES;
				GCC_C_LANGUAGE_STANDARD = gnu99;
				GCC_NO_COMMON_BLOCKS = YES;
				GCC_WARN_64_TO_32_BIT_CONVERSION = YES;
				GCC_WARN_ABOUT_RETURN_TYPE = YES_ERROR;
				GCC_WARN_UNDECLARED_SELECTOR = YES;
				GCC_WARN_UNINITIALIZED_AUTOS = YES_AGGRESSIVE;
				GCC_WARN_UNUSED_FUNCTION = YES;
				GCC_WARN_UNUSED_VARIABLE = YES;
				IPHONEOS_DEPLOYMENT_TARGET = 9.1;
				MTL_ENABLE_DEBUG_INFO = NO;
				SDKROOT = iphoneos;
				TARGETED_DEVICE_FAMILY = "1,2";
				VALIDATE_PRODUCT = YES;
			};
			name = Release;
		};
		4B4D4B0B1BF9CB8B00E54496 /* Debug */ = {
			isa = XCBuildConfiguration;
			buildSettings = {
				ASSETCATALOG_COMPILER_APPICON_NAME = AppIcon;
				INFOPLIST_FILE = DESDemo/Info.plist;
				LD_RUNPATH_SEARCH_PATHS = "$(inherited) @executable_path/Frameworks";
				PRODUCT_BUNDLE_IDENTIFIER = C13.DESDemo;
				PRODUCT_NAME = "$(TARGET_NAME)";
			};
			name = Debug;
		};
		4B4D4B0C1BF9CB8B00E54496 /* Release */ = {
			isa = XCBuildConfiguration;
			buildSettings = {
				ASSETCATALOG_COMPILER_APPICON_NAME = AppIcon;
				INFOPLIST_FILE = DESDemo/Info.plist;
				LD_RUNPATH_SEARCH_PATHS = "$(inherited) @executable_path/Frameworks";
				PRODUCT_BUNDLE_IDENTIFIER = C13.DESDemo;
				PRODUCT_NAME = "$(TARGET_NAME)";
			};
			name = Release;
		};
		4B4D4B0E1BF9CB8B00E54496 /* Debug */ = {
			isa = XCBuildConfiguration;
			buildSettings = {
				BUNDLE_LOADER = "$(TEST_HOST)";
				INFOPLIST_FILE = DESDemoTests/Info.plist;
				LD_RUNPATH_SEARCH_PATHS = "$(inherited) @executable_path/Frameworks @loader_path/Frameworks";
				PRODUCT_BUNDLE_IDENTIFIER = C13.DESDemoTests;
				PRODUCT_NAME = "$(TARGET_NAME)";
				TEST_HOST = "$(BUILT_PRODUCTS_DIR)/DESDemo.app/DESDemo";
			};
			name = Debug;
		};
		4B4D4B0F1BF9CB8B00E54496 /* Release */ = {
			isa = XCBuildConfiguration;
			buildSettings = {
				BUNDLE_LOADER = "$(TEST_HOST)";
				INFOPLIST_FILE = DESDemoTests/Info.plist;
				LD_RUNPATH_SEARCH_PATHS = "$(inherited) @executable_path/Frameworks @loader_path/Frameworks";
				PRODUCT_BUNDLE_IDENTIFIER = C13.DESDemoTests;
				PRODUCT_NAME = "$(TARGET_NAME)";
				TEST_HOST = "$(BUILT_PRODUCTS_DIR)/DESDemo.app/DESDemo";
			};
			name = Release;
		};
		4B4D4B111BF9CB8B00E54496 /* Debug */ = {
			isa = XCBuildConfiguration;
			buildSettings = {
				INFOPLIST_FILE = DESDemoUITests/Info.plist;
				LD_RUNPATH_SEARCH_PATHS = "$(inherited) @executable_path/Frameworks @loader_path/Frameworks";
				PRODUCT_BUNDLE_IDENTIFIER = C13.DESDemoUITests;
				PRODUCT_NAME = "$(TARGET_NAME)";
				TEST_TARGET_NAME = DESDemo;
				USES_XCTRUNNER = YES;
			};
			name = Debug;
		};
		4B4D4B121BF9CB8B00E54496 /* Release */ = {
			isa = XCBuildConfiguration;
			buildSettings = {
				INFOPLIST_FILE = DESDemoUITests/Info.plist;
				LD_RUNPATH_SEARCH_PATHS = "$(inherited) @executable_path/Frameworks @loader_path/Frameworks";
				PRODUCT_BUNDLE_IDENTIFIER = C13.DESDemoUITests;
				PRODUCT_NAME = "$(TARGET_NAME)";
				TEST_TARGET_NAME = DESDemo;
				USES_XCTRUNNER = YES;
			};
			name = Release;
		};
/* End XCBuildConfiguration section */

/* Begin XCConfigurationList section */
		4B4D4AD81BF9CB8B00E54496 /* Build configuration list for PBXProject "DESDemo" */ = {
			isa = XCConfigurationList;
			buildConfigurations = (
				4B4D4B081BF9CB8B00E54496 /* Debug */,
				4B4D4B091BF9CB8B00E54496 /* Release */,
			);
			defaultConfigurationIsVisible = 0;
			defaultConfigurationName = Release;
		};
		4B4D4B0A1BF9CB8B00E54496 /* Build configuration list for PBXNativeTarget "DESDemo" */ = {
			isa = XCConfigurationList;
			buildConfigurations = (
				4B4D4B0B1BF9CB8B00E54496 /* Debug */,
				4B4D4B0C1BF9CB8B00E54496 /* Release */,
			);
			defaultConfigurationIsVisible = 0;
			defaultConfigurationName = Release;
		};
		4B4D4B0D1BF9CB8B00E54496 /* Build configuration list for PBXNativeTarget "DESDemoTests" */ = {
			isa = XCConfigurationList;
			buildConfigurations = (
				4B4D4B0E1BF9CB8B00E54496 /* Debug */,
				4B4D4B0F1BF9CB8B00E54496 /* Release */,
			);
			defaultConfigurationIsVisible = 0;
			defaultConfigurationName = Release;
		};
		4B4D4B101BF9CB8B00E54496 /* Build configuration list for PBXNativeTarget "DESDemoUITests" */ = {
			isa = XCConfigurationList;
			buildConfigurations = (
				4B4D4B111BF9CB8B00E54496 /* Debug */,
				4B4D4B121BF9CB8B00E54496 /* Release */,
			);
			defaultConfigurationIsVisible = 0;
			defaultConfigurationName = Release;
		};
/* End XCConfigurationList section */
	};
	rootObject = 4B4D4AD51BF9CB8B00E54496 /* Project object */;
}
